
Microsoft Visual Studio Solution File, Format Version 12.00
Project("{FAE04EC0-301F-11D3-BF4B-00C04F79EFBC}") = "DevSoc.Eventathon", "DevSoc.Eventathon\DevSoc.Eventathon.csproj", "{077E8274-F9CC-4B97-83C9-735539C5EF98}"
EndProject
Project("{FAE04EC0-301F-11D3-BF4B-00C04F79EFBC}") = "DevSoc.Eventathon.IntegrationTests", "DevSoc.Eventathon.IntegrationTests\DevSoc.Eventathon.IntegrationTests.csproj", "{9B876BE1-80A6-4607-A1F8-56488D626277}"
EndProject
Project("{FAE04EC0-301F-11D3-BF4B-00C04F79EFBC}") = "DevSoc.Eventathon.Users", "DevSoc.Eventathon.Users\DevSoc.Eventathon.Users.csproj", "{AB3DBCE9-D897-415C-A444-1085F650318A}"
EndProject
Project("{FAE04EC0-301F-11D3-BF4B-00C04F79EFBC}") = "DevSoc.Eventathon.Calendars", "DevSoc.Eventathon.Calendars\DevSoc.Eventathon.Calendars.csproj", "{432C7842-3EBE-4687-8EAB-BF0684C12191}"
EndProject
Project("{FAE04EC0-301F-11D3-BF4B-00C04F79EFBC}") = "DevSoc.Eventathon.Data", "DevSoc.Eventathon.Data\DevSoc.Eventathon.Data.csproj", "{C5AA2239-4A38-4AF7-A52E-BC936F1626F6}"
EndProject
Global
	GlobalSection(SolutionConfigurationPlatforms) = preSolution
		Debug|Any CPU = Debug|Any CPU
		Release|Any CPU = Release|Any CPU
	EndGlobalSection
	GlobalSection(ProjectConfigurationPlatforms) = postSolution
		{077E8274-F9CC-4B97-83C9-735539C5EF98}.Debug|Any CPU.ActiveCfg = Debug|Any CPU
		{077E8274-F9CC-4B97-83C9-735539C5EF98}.Debug|Any CPU.Build.0 = Debug|Any CPU
		{077E8274-F9CC-4B97-83C9-735539C5EF98}.Release|Any CPU.ActiveCfg = Release|Any CPU
		{077E8274-F9CC-4B97-83C9-735539C5EF98}.Release|Any CPU.Build.0 = Release|Any CPU
		{9B876BE1-80A6-4607-A1F8-56488D626277}.Debug|Any CPU.ActiveCfg = Debug|Any CPU
		{9B876BE1-80A6-4607-A1F8-56488D626277}.Debug|Any CPU.Build.0 = Debug|Any CPU
		{9B876BE1-80A6-4607-A1F8-56488D626277}.Release|Any CPU.ActiveCfg = Release|Any CPU
		{9B876BE1-80A6-4607-A1F8-56488D626277}.Release|Any CPU.Build.0 = Release|Any CPU
		{AB3DBCE9-D897-415C-A444-1085F650318A}.Debug|Any CPU.ActiveCfg = Debug|Any CPU
		{AB3DBCE9-D897-415C-A444-1085F650318A}.Debug|Any CPU.Build.0 = Debug|Any CPU
		{AB3DBCE9-D897-415C-A444-1085F650318A}.Release|Any CPU.ActiveCfg = Release|Any CPU
		{AB3DBCE9-D897-415C-A444-1085F650318A}.Release|Any CPU.Build.0 = Release|Any CPU
		{432C7842-3EBE-4687-8EAB-BF0684C12191}.Debug|Any CPU.ActiveCfg = Debug|Any CPU
		{432C7842-3EBE-4687-8EAB-BF0684C12191}.Debug|Any CPU.Build.0 = Debug|Any CPU
		{432C7842-3EBE-4687-8EAB-BF0684C12191}.Release|Any CPU.ActiveCfg = Release|Any CPU
		{432C7842-3EBE-4687-8EAB-BF0684C12191}.Release|Any CPU.Build.0 = Release|Any CPU
		{C5AA2239-4A38-4AF7-A52E-BC936F1626F6}.Debug|Any CPU.ActiveCfg = Debug|Any CPU
		{C5AA2239-4A38-4AF7-A52E-BC936F1626F6}.Debug|Any CPU.Build.0 = Debug|Any CPU
		{C5AA2239-4A38-4AF7-A52E-BC936F1626F6}.Release|Any CPU.ActiveCfg = Release|Any CPU
		{C5AA2239-4A38-4AF7-A52E-BC936F1626F6}.Release|Any CPU.Build.0 = Release|Any CPU
	EndGlobalSection
EndGlobal
